
Microsoft Visual Studio Solution File, Format Version 12.00
# Visual Studio Version 17
VisualStudioVersion = 17.5.33502.453
MinimumVisualStudioVersion = 10.0.40219.1
Project("{FAE04EC0-301F-11D3-BF4B-00C04F79EFBC}") = "EjerciciosRepaso", "EjerciciosRepaso\EjerciciosRepaso.csproj", "{2CA5FAB4-9155-43D8-9770-E63E6B4DFE59}"
EndProject
Global
	GlobalSection(SolutionConfigurationPlatforms) = preSolution
		Debug|Any CPU = Debug|Any CPU
		Release|Any CPU = Release|Any CPU
	EndGlobalSection
	GlobalSection(ProjectConfigurationPlatforms) = postSolution
		{2CA5FAB4-9155-43D8-9770-E63E6B4DFE59}.Debug|Any CPU.ActiveCfg = Debug|Any CPU
		{2CA5FAB4-9155-43D8-9770-E63E6B4DFE59}.Debug|Any CPU.Build.0 = Debug|Any CPU
		{2CA5FAB4-9155-43D8-9770-E63E6B4DFE59}.Release|Any CPU.ActiveCfg = Release|Any CPU
		{2CA5FAB4-9155-43D8-9770-E63E6B4DFE59}.Release|Any CPU.Build.0 = Release|Any CPU
	EndGlobalSection
	GlobalSection(SolutionProperties) = preSolution
		HideSolutionNode = FALSE
	EndGlobalSection
	GlobalSection(ExtensibilityGlobals) = postSolution
		SolutionGuid = {E213920E-7884-4A8D-AA55-680FCAACF961}
	EndGlobalSection
EndGlobal
